<?xml version="1.0" encoding="utf-8"?>
<Project ToolsVersion="4.0" xmlns="http://schemas.microsoft.com/developer/msbuild/2003">
  <ItemGroup>
    <Filter Include="HeaderFiles">
      <UniqueIdentifier>{93995380-89BD-4b04-88EB-625FBE52EBFB}</UniqueIdentifier>
      <Extensions>h;hh;hpp;hxx;h++;hm;inl;inc;ipp;xsd</Extensions>
    </Filter>
    <Filter Include="SourceFiles">
      <UniqueIdentifier>{4FC737F1-C7A5-4376-A066-2A32D752A2FF}</UniqueIdentifier>
      <Extensions>cpp;c;cc;cxx;c++;cppm;ixx;def;odl;idl;hpj;bat;asm;asmx</Extensions>
    </Filter>
    <Filter Include="AsmFiles">
      <UniqueIdentifier>{b789ef1c-52df-4855-b77f-8ab4476e684a}</UniqueIdentifier>
    </Filter>
    <Filter Include="SourceFiles\ImportFiles">
      <UniqueIdentifier>{b05d14a6-d2d1-4b5a-9c09-0873b554f9ad}</UniqueIdentifier>
    </Filter>
    <Filter Include="SourceFiles\ASFunc">
      <UniqueIdentifier>{f79ae283-4f99-41dc-a440-ae577fa6900d}</UniqueIdentifier>
    </Filter>
    <Filter Include="SourceFiles\Base">
      <UniqueIdentifier>{d95532a2-0bc7-41a3-b3a3-bcb70bb5496e}</UniqueIdentifier>
    </Filter>
    <Filter Include="SourceFiles\cmd">
      <UniqueIdentifier>{20470e9e-5c75-4a55-8abb-75ffb797e06e}</UniqueIdentifier>
    </Filter>
    <Filter Include="SourceFiles\Object">
      <UniqueIdentifier>{37dd5651-8148-4cb9-8271-caed7309c981}</UniqueIdentifier>
    </Filter>
    <Filter Include="SourceFiles\Object\Ammo">
      <UniqueIdentifier>{fc14e564-47ee-4053-ae4f-7ed048a30b0f}</UniqueIdentifier>
    </Filter>
  </ItemGroup>
  <ItemGroup>
    <ClInclude Include="framework.h">
      <Filter>HeaderFiles</Filter>
    </ClInclude>
    <ClInclude Include="pch.h">
      <Filter>HeaderFiles</Filter>
    </ClInclude>
    <ClInclude Include="utiliy.h">
      <Filter>SourceFiles</Filter>
    </ClInclude>
    <ClInclude Include="allowScriptFail.hpp">
      <Filter>SourceFiles</Filter>
    </ClInclude>
    <ClInclude Include="updateMissionPack.hpp">
      <Filter>SourceFiles</Filter>
    </ClInclude>
    <ClInclude Include="updateMainSystem.hpp">
      <Filter>SourceFiles</Filter>
    </ClInclude>
    <ClInclude Include="EDFPointerStruct.hpp">
      <Filter>HeaderFiles</Filter>
    </ClInclude>
    <ClInclude Include="ASFunc\ASFunc_Global.hpp">
      <Filter>SourceFiles\ASFunc</Filter>
    </ClInclude>
    <ClInclude Include="ASFunc\ASFunc_Definition.hpp">
      <Filter>SourceFiles\ASFunc</Filter>
    </ClInclude>
    <ClInclude Include="Base\g_system.h">
      <Filter>SourceFiles\Base</Filter>
    </ClInclude>
    <ClInclude Include="cmd\cmd_hotkey.h">
      <Filter>SourceFiles\cmd</Filter>
    </ClInclude>
    <ClInclude Include="Base\g_object.h">
      <Filter>SourceFiles\Base</Filter>
    </ClInclude>
    <ClInclude Include="Base\SSE.hpp">
      <Filter>SourceFiles\Base</Filter>
    </ClInclude>
    <ClInclude Include="Base\CommonStructure.hpp">
      <Filter>SourceFiles\Base</Filter>
    </ClInclude>
    <ClInclude Include="Ammo\0BaseAmmo.h">
      <Filter>SourceFiles\Object\Ammo</Filter>
    </ClInclude>
    <ClInclude Include="Ammo\1CommonBullet.h">
      <Filter>SourceFiles\Object\Ammo</Filter>
    </ClInclude>
    <ClInclude Include="Base\g_gameFunc.h">
      <Filter>SourceFiles\Base</Filter>
    </ClInclude>
  </ItemGroup>
  <ItemGroup>
    <ClCompile Include="dllmain.cpp">
      <Filter>SourceFiles</Filter>
    </ClCompile>
    <ClCompile Include="pch.cpp">
      <Filter>SourceFiles</Filter>
    </ClCompile>
    <ClCompile Include="utiliy.cpp">
      <Filter>SourceFiles</Filter>
    </ClCompile>
    <ClCompile Include="Base\g_system.cpp">
      <Filter>SourceFiles\Base</Filter>
    </ClCompile>
    <ClCompile Include="cmd\cmd_hotkey.cpp">
      <Filter>SourceFiles\cmd</Filter>
    </ClCompile>
    <ClCompile Include="Ammo\0BaseAmmo.cpp">
      <Filter>SourceFiles\Object\Ammo</Filter>
    </ClCompile>
    <ClCompile Include="Ammo\1CommonBullet.cpp">
      <Filter>SourceFiles\Object\Ammo</Filter>
    </ClCompile>
    <ClCompile Include="Base\g_gameFunc.cpp">
      <Filter>SourceFiles\Base</Filter>
    </ClCompile>
  </ItemGroup>
  <ItemGroup>
    <MASM Include="ASMhookGameSystem.asm">
      <Filter>AsmFiles</Filter>
    </MASM>
    <MASM Include="updateMissionPack1.asm">
      <Filter>AsmFiles</Filter>
    </MASM>
    <MASM Include="updateMainSystem.asm">
      <Filter>AsmFiles</Filter>
    </MASM>
    <MASM Include="..\mppp\updateMissionPack.asm">
      <Filter>SourceFiles\ImportFiles</Filter>
    </MASM>
    <MASM Include="..\patch\ASMmainPath.asm">
      <Filter>SourceFiles\ImportFiles</Filter>
    </MASM>
    <MASM Include="ASFunc\ASFunc_Global.asm">
      <Filter>SourceFiles\ASFunc</Filter>
    </MASM>
  </ItemGroup>
</Project>